
Microsoft Visual Studio Solution File, Format Version 11.00
# Visual Studio 2010
Project("{FAE04EC0-301F-11D3-BF4B-00C04F79EFBC}") = "CAT.Docker.Web", "CAT.Docker.Web\CAT.Docker.Web.csproj", "{517B48C9-2391-49D9-A978-865E0EFFA138}"
EndProject
Global
	GlobalSection(SolutionConfigurationPlatforms) = preSolution
		Debug|Any CPU = Debug|Any CPU
		Release|Any CPU = Release|Any CPU
	EndGlobalSection
	GlobalSection(ProjectConfigurationPlatforms) = postSolution
		{517B48C9-2391-49D9-A978-865E0EFFA138}.Debug|Any CPU.ActiveCfg = Debug|Any CPU
		{517B48C9-2391-49D9-A978-865E0EFFA138}.Debug|Any CPU.Build.0 = Debug|Any CPU
		{517B48C9-2391-49D9-A978-865E0EFFA138}.Release|Any CPU.ActiveCfg = Release|Any CPU
		{517B48C9-2391-49D9-A978-865E0EFFA138}.Release|Any CPU.Build.0 = Release|Any CPU
	EndGlobalSection
	GlobalSection(SolutionProperties) = preSolution
		HideSolutionNode = FALSE
	EndGlobalSection
EndGlobal
